
Microsoft Visual Studio Solution File, Format Version 12.00
# Visual Studio Version 17
VisualStudioVersion = 17.3.32901.215
MinimumVisualStudioVersion = 10.0.40219.1
Project("{FAE04EC0-301F-11D3-BF4B-00C04F79EFBC}") = "Demo_ASPcore_API", "Demo_ASPcore_API.csproj", "{0E580EC1-9F3E-4B61-9B1D-F5C5AA0C8AB8}"
EndProject
Global
	GlobalSection(SolutionConfigurationPlatforms) = preSolution
		Debug|Any CPU = Debug|Any CPU
		Release|Any CPU = Release|Any CPU
	EndGlobalSection
	GlobalSection(ProjectConfigurationPlatforms) = postSolution
		{0E580EC1-9F3E-4B61-9B1D-F5C5AA0C8AB8}.Debug|Any CPU.ActiveCfg = Debug|Any CPU
		{0E580EC1-9F3E-4B61-9B1D-F5C5AA0C8AB8}.Debug|Any CPU.Build.0 = Debug|Any CPU
		{0E580EC1-9F3E-4B61-9B1D-F5C5AA0C8AB8}.Release|Any CPU.ActiveCfg = Release|Any CPU
		{0E580EC1-9F3E-4B61-9B1D-F5C5AA0C8AB8}.Release|Any CPU.Build.0 = Release|Any CPU
	EndGlobalSection
	GlobalSection(SolutionProperties) = preSolution
		HideSolutionNode = FALSE
	EndGlobalSection
	GlobalSection(ExtensibilityGlobals) = postSolution
		SolutionGuid = {D2582D99-AB1E-4CA6-A38B-61DFD568003B}
	EndGlobalSection
EndGlobal
